
Microsoft Visual Studio Solution File, Format Version 12.00
# Visual Studio Version 17
VisualStudioVersion = 17.13.35825.156 d17.13
MinimumVisualStudioVersion = 10.0.40219.1
Project("{FAE04EC0-301F-11D3-BF4B-00C04F79EFBC}") = "WebScrapping", "WebScrapping\WebScrapping.csproj", "{AB10BA01-1056-4249-99D7-3790E2D34187}"
EndProject
Global
	GlobalSection(SolutionConfigurationPlatforms) = preSolution
		Debug|Any CPU = Debug|Any CPU
		Release|Any CPU = Release|Any CPU
	EndGlobalSection
	GlobalSection(ProjectConfigurationPlatforms) = postSolution
		{AB10BA01-1056-4249-99D7-3790E2D34187}.Debug|Any CPU.ActiveCfg = Debug|Any CPU
		{AB10BA01-1056-4249-99D7-3790E2D34187}.Debug|Any CPU.Build.0 = Debug|Any CPU
		{AB10BA01-1056-4249-99D7-3790E2D34187}.Release|Any CPU.ActiveCfg = Release|Any CPU
		{AB10BA01-1056-4249-99D7-3790E2D34187}.Release|Any CPU.Build.0 = Release|Any CPU
	EndGlobalSection
	GlobalSection(SolutionProperties) = preSolution
		HideSolutionNode = FALSE
	EndGlobalSection
	GlobalSection(ExtensibilityGlobals) = postSolution
		SolutionGuid = {FB482CDE-B9DA-4631-93CF-CAC1E58872D8}
	EndGlobalSection
EndGlobal
